# This file is automatically @generated by Cargo.
# It is not intended for manual editing.
version = 4

[[package]]
name = "haechix-arch-aarch64"
version = "0.1.0"

[[package]]
name = "haechix-boot-protocol"
version = "0.1.0"

[[package]]
name = "haechix-drivers"
version = "0.1.0"

[[package]]
name = "haechix-fdt"
version = "0.1.0"

[[package]]
name = "haechix-kernel"
version = "0.1.0"
dependencies = [
 "haechix-boot-protocol",
 "haechix-user-abi",
]

[[package]]
name = "haechix-qemu-virt"
version = "0.1.0"
dependencies = [
 "haechix-arch-aarch64",
 "haechix-boot-protocol",
 "haechix-drivers",
 "haechix-fdt",
 "haechix-kernel",
]

[[package]]
name = "haechix-rpi5"
version = "0.1.0"
dependencies = [
 "haechix-arch-aarch64",
 "haechix-boot-protocol",
 "haechix-drivers",
 "haechix-kernel",
]

[[package]]
name = "haechix-user-abi"
version = "0.1.0"
